// !$*UTF8*$!
{
	archiveVersion = 1;
	classes = {
	};
	objectVersion = 51;
	objects = {

/* Begin PBXBuildFile section */
		685D7A3B0DFB95868716A3C4 /* Pods_Architecture_MVVM.framework in Frameworks */ = {isa = PBXBuildFile; fileRef = 9B3FD83512797675F4CBBF30 /* Pods_Architecture_MVVM.framework */; };
		E5732D9923F13B9F000C66E8 /* APILoggingPlugin.swift in Sources */ = {isa = PBXBuildFile; fileRef = E5732D9823F13B9F000C66E8 /* APILoggingPlugin.swift */; };
		E5743F0323ECFCCF00D8AAB6 /* MainTableViewCell.swift in Sources */ = {isa = PBXBuildFile; fileRef = E5743F0223ECFCCF00D8AAB6 /* MainTableViewCell.swift */; };
		E5743F0D23ED447800D8AAB6 /* Utility.swift in Sources */ = {isa = PBXBuildFile; fileRef = E5743F0C23ED447700D8AAB6 /* Utility.swift */; };
		E574F02723EA5FA700DE3414 /* BaseVC.swift in Sources */ = {isa = PBXBuildFile; fileRef = E574F02623EA5FA700DE3414 /* BaseVC.swift */; };
		E574F02C23EA860500DE3414 /* ValidationModel.swift in Sources */ = {isa = PBXBuildFile; fileRef = E574F02B23EA860500DE3414 /* ValidationModel.swift */; };
		E574F02F23EA86A600DE3414 /* EmailViewModel.swift in Sources */ = {isa = PBXBuildFile; fileRef = E574F02E23EA86A600DE3414 /* EmailViewModel.swift */; };
		E574F03123EA8A2300DE3414 /* PasswordViewModel.swift in Sources */ = {isa = PBXBuildFile; fileRef = E574F03023EA8A2300DE3414 /* PasswordViewModel.swift */; };
		E574F03623EAA09600DE3414 /* MainViewController.swift in Sources */ = {isa = PBXBuildFile; fileRef = E574F03523EAA09600DE3414 /* MainViewController.swift */; };
		E574F03823EAA0B100DE3414 /* MainViewModel.swift in Sources */ = {isa = PBXBuildFile; fileRef = E574F03723EAA0B100DE3414 /* MainViewModel.swift */; };
		E574F03A23EAA0DC00DE3414 /* Main.storyboard in Resources */ = {isa = PBXBuildFile; fileRef = E574F03923EAA0DC00DE3414 /* Main.storyboard */; };
		E57A854D23E94B9B007A4599 /* AppDelegate.swift in Sources */ = {isa = PBXBuildFile; fileRef = E57A854C23E94B9B007A4599 /* AppDelegate.swift */; };
		E57A855123E94B9B007A4599 /* LoginViewController.swift in Sources */ = {isa = PBXBuildFile; fileRef = E57A855023E94B9B007A4599 /* LoginViewController.swift */; };
		E57A855423E94B9B007A4599 /* Login.storyboard in Resources */ = {isa = PBXBuildFile; fileRef = E57A855223E94B9B007A4599 /* Login.storyboard */; };
		E57A855623E94BA0007A4599 /* Assets.xcassets in Resources */ = {isa = PBXBuildFile; fileRef = E57A855523E94BA0007A4599 /* Assets.xcassets */; };
		E57A855923E94BA0007A4599 /* LaunchScreen.storyboard in Resources */ = {isa = PBXBuildFile; fileRef = E57A855723E94BA0007A4599 /* LaunchScreen.storyboard */; };
		E57A856323E94DF0007A4599 /* LoginViewModel.swift in Sources */ = {isa = PBXBuildFile; fileRef = E57A856223E94DF0007A4599 /* LoginViewModel.swift */; };
		E57A856623E95222007A4599 /* AppStep.swift in Sources */ = {isa = PBXBuildFile; fileRef = E57A856523E95222007A4599 /* AppStep.swift */; };
		E57A856923E95232007A4599 /* AppFlow.swift in Sources */ = {isa = PBXBuildFile; fileRef = E57A856823E95232007A4599 /* AppFlow.swift */; };
		E57A856E23E9630C007A4599 /* AppService.swift in Sources */ = {isa = PBXBuildFile; fileRef = E57A856D23E9630C007A4599 /* AppService.swift */; };
		E5E513B123EBA0DC00F0E1E1 /* MarvelModel.swift in Sources */ = {isa = PBXBuildFile; fileRef = E5E513B023EBA0DC00F0E1E1 /* MarvelModel.swift */; };
		E5E513B523EBADFA00F0E1E1 /* ComicsModel.swift in Sources */ = {isa = PBXBuildFile; fileRef = E5E513B423EBADFA00F0E1E1 /* ComicsModel.swift */; };
		E5E513B723EBCB0A00F0E1E1 /* MainService.swift in Sources */ = {isa = PBXBuildFile; fileRef = E5E513B623EBCB0A00F0E1E1 /* MainService.swift */; };
		E5E513C323EBE42100F0E1E1 /* Observable+Response.swift in Sources */ = {isa = PBXBuildFile; fileRef = E5E513BD23EBE42100F0E1E1 /* Observable+Response.swift */; };
		E5E513C423EBE42100F0E1E1 /* MoyaProvider+Rx.swift in Sources */ = {isa = PBXBuildFile; fileRef = E5E513BE23EBE42100F0E1E1 /* MoyaProvider+Rx.swift */; };
		E5E513C523EBE42100F0E1E1 /* ALSwiftyJSONAble.swift in Sources */ = {isa = PBXBuildFile; fileRef = E5E513BF23EBE42100F0E1E1 /* ALSwiftyJSONAble.swift */; };
		E5E513C623EBE42100F0E1E1 /* Response+SwiftyJSONMapper.swift in Sources */ = {isa = PBXBuildFile; fileRef = E5E513C023EBE42100F0E1E1 /* Response+SwiftyJSONMapper.swift */; };
		E5E513C723EBE42100F0E1E1 /* Single+Response.swift in Sources */ = {isa = PBXBuildFile; fileRef = E5E513C123EBE42100F0E1E1 /* Single+Response.swift */; };
		E5E513C823EBE42100F0E1E1 /* PrimitiveSequence+SwiftyJSONMapper.swift in Sources */ = {isa = PBXBuildFile; fileRef = E5E513C223EBE42100F0E1E1 /* PrimitiveSequence+SwiftyJSONMapper.swift */; };
/* End PBXBuildFile section */

/* Begin PBXFileReference section */
		8312044D3D47DF658F3332AD /* Pods-Architecture_MVVM.release.xcconfig */ = {isa = PBXFileReference; includeInIndex = 1; lastKnownFileType = text.xcconfig; name = "Pods-Architecture_MVVM.release.xcconfig"; path = "Target Support Files/Pods-Architecture_MVVM/Pods-Architecture_MVVM.release.xcconfig"; sourceTree = "<group>"; };
		9B3FD83512797675F4CBBF30 /* Pods_Architecture_MVVM.framework */ = {isa = PBXFileReference; explicitFileType = wrapper.framework; includeInIndex = 0; path = Pods_Architecture_MVVM.framework; sourceTree = BUILT_PRODUCTS_DIR; };
		CC476773B892AC2ABAF9D735 /* Pods-Architecture_MVVM.debug.xcconfig */ = {isa = PBXFileReference; includeInIndex = 1; lastKnownFileType = text.xcconfig; name = "Pods-Architecture_MVVM.debug.xcconfig"; path = "Target Support Files/Pods-Architecture_MVVM/Pods-Architecture_MVVM.debug.xcconfig"; sourceTree = "<group>"; };
		E5732D9823F13B9F000C66E8 /* APILoggingPlugin.swift */ = {isa = PBXFileReference; fileEncoding = 4; lastKnownFileType = sourcecode.swift; path = APILoggingPlugin.swift; sourceTree = "<group>"; };
		E5743F0223ECFCCF00D8AAB6 /* MainTableViewCell.swift */ = {isa = PBXFileReference; lastKnownFileType = sourcecode.swift; path = MainTableViewCell.swift; sourceTree = "<group>"; };
		E5743F0C23ED447700D8AAB6 /* Utility.swift */ = {isa = PBXFileReference; fileEncoding = 4; lastKnownFileType = sourcecode.swift; path = Utility.swift; sourceTree = "<group>"; };
		E574F02623EA5FA700DE3414 /* BaseVC.swift */ = {isa = PBXFileReference; lastKnownFileType = sourcecode.swift; path = BaseVC.swift; sourceTree = "<group>"; };
		E574F02B23EA860500DE3414 /* ValidationModel.swift */ = {isa = PBXFileReference; lastKnownFileType = sourcecode.swift; path = ValidationModel.swift; sourceTree = "<group>"; };
		E574F02E23EA86A600DE3414 /* EmailViewModel.swift */ = {isa = PBXFileReference; lastKnownFileType = sourcecode.swift; path = EmailViewModel.swift; sourceTree = "<group>"; };
		E574F03023EA8A2300DE3414 /* PasswordViewModel.swift */ = {isa = PBXFileReference; lastKnownFileType = sourcecode.swift; path = PasswordViewModel.swift; sourceTree = "<group>"; };
		E574F03523EAA09600DE3414 /* MainViewController.swift */ = {isa = PBXFileReference; lastKnownFileType = sourcecode.swift; path = MainViewController.swift; sourceTree = "<group>"; };
		E574F03723EAA0B100DE3414 /* MainViewModel.swift */ = {isa = PBXFileReference; lastKnownFileType = sourcecode.swift; path = MainViewModel.swift; sourceTree = "<group>"; };
		E574F03923EAA0DC00DE3414 /* Main.storyboard */ = {isa = PBXFileReference; lastKnownFileType = file.storyboard; path = Main.storyboard; sourceTree = "<group>"; };
		E57A854923E94B9B007A4599 /* Architecture_MVVM.app */ = {isa = PBXFileReference; explicitFileType = wrapper.application; includeInIndex = 0; path = Architecture_MVVM.app; sourceTree = BUILT_PRODUCTS_DIR; };
		E57A854C23E94B9B007A4599 /* AppDelegate.swift */ = {isa = PBXFileReference; lastKnownFileType = sourcecode.swift; path = AppDelegate.swift; sourceTree = "<group>"; };
		E57A855023E94B9B007A4599 /* LoginViewController.swift */ = {isa = PBXFileReference; lastKnownFileType = sourcecode.swift; path = LoginViewController.swift; sourceTree = "<group>"; };
		E57A855323E94B9B007A4599 /* Base */ = {isa = PBXFileReference; lastKnownFileType = file.storyboard; name = Base; path = Base.lproj/Login.storyboard; sourceTree = "<group>"; };
		E57A855523E94BA0007A4599 /* Assets.xcassets */ = {isa = PBXFileReference; lastKnownFileType = folder.assetcatalog; path = Assets.xcassets; sourceTree = "<group>"; };
		E57A855823E94BA0007A4599 /* Base */ = {isa = PBXFileReference; lastKnownFileType = file.storyboard; name = Base; path = Base.lproj/LaunchScreen.storyboard; sourceTree = "<group>"; };
		E57A855A23E94BA0007A4599 /* Info.plist */ = {isa = PBXFileReference; lastKnownFileType = text.plist.xml; path = Info.plist; sourceTree = "<group>"; };
		E57A856223E94DF0007A4599 /* LoginViewModel.swift */ = {isa = PBXFileReference; lastKnownFileType = sourcecode.swift; path = LoginViewModel.swift; sourceTree = "<group>"; };
		E57A856523E95222007A4599 /* AppStep.swift */ = {isa = PBXFileReference; lastKnownFileType = sourcecode.swift; path = AppStep.swift; sourceTree = "<group>"; };
		E57A856823E95232007A4599 /* AppFlow.swift */ = {isa = PBXFileReference; lastKnownFileType = sourcecode.swift; path = AppFlow.swift; sourceTree = "<group>"; };
		E57A856D23E9630C007A4599 /* AppService.swift */ = {isa = PBXFileReference; lastKnownFileType = sourcecode.swift; path = AppService.swift; sourceTree = "<group>"; };
		E5E513B023EBA0DC00F0E1E1 /* MarvelModel.swift */ = {isa = PBXFileReference; lastKnownFileType = sourcecode.swift; path = MarvelModel.swift; sourceTree = "<group>"; };
		E5E513B423EBADFA00F0E1E1 /* ComicsModel.swift */ = {isa = PBXFileReference; lastKnownFileType = sourcecode.swift; path = ComicsModel.swift; sourceTree = "<group>"; };
		E5E513B623EBCB0A00F0E1E1 /* MainService.swift */ = {isa = PBXFileReference; lastKnownFileType = sourcecode.swift; path = MainService.swift; sourceTree = "<group>"; };
		E5E513BD23EBE42100F0E1E1 /* Observable+Response.swift */ = {isa = PBXFileReference; fileEncoding = 4; lastKnownFileType = sourcecode.swift; path = "Observable+Response.swift"; sourceTree = "<group>"; };
		E5E513BE23EBE42100F0E1E1 /* MoyaProvider+Rx.swift */ = {isa = PBXFileReference; fileEncoding = 4; lastKnownFileType = sourcecode.swift; path = "MoyaProvider+Rx.swift"; sourceTree = "<group>"; };
		E5E513BF23EBE42100F0E1E1 /* ALSwiftyJSONAble.swift */ = {isa = PBXFileReference; fileEncoding = 4; lastKnownFileType = sourcecode.swift; path = ALSwiftyJSONAble.swift; sourceTree = "<group>"; };
		E5E513C023EBE42100F0E1E1 /* Response+SwiftyJSONMapper.swift */ = {isa = PBXFileReference; fileEncoding = 4; lastKnownFileType = sourcecode.swift; path = "Response+SwiftyJSONMapper.swift"; sourceTree = "<group>"; };
		E5E513C123EBE42100F0E1E1 /* Single+Response.swift */ = {isa = PBXFileReference; fileEncoding = 4; lastKnownFileType = sourcecode.swift; path = "Single+Response.swift"; sourceTree = "<group>"; };
		E5E513C223EBE42100F0E1E1 /* PrimitiveSequence+SwiftyJSONMapper.swift */ = {isa = PBXFileReference; fileEncoding = 4; lastKnownFileType = sourcecode.swift; path = "PrimitiveSequence+SwiftyJSONMapper.swift"; sourceTree = "<group>"; };
/* End PBXFileReference section */

/* Begin PBXFrameworksBuildPhase section */
		E57A854623E94B9B007A4599 /* Frameworks */ = {
			isa = PBXFrameworksBuildPhase;
			buildActionMask = 2147483647;
			files = (
				685D7A3B0DFB95868716A3C4 /* Pods_Architecture_MVVM.framework in Frameworks */,
			);
			runOnlyForDeploymentPostprocessing = 0;
		};
/* End PBXFrameworksBuildPhase section */

/* Begin PBXGroup section */
		01C2A9E1586FEAC3FFA56069 /* Frameworks */ = {
			isa = PBXGroup;
			children = (
				9B3FD83512797675F4CBBF30 /* Pods_Architecture_MVVM.framework */,
			);
			name = Frameworks;
			sourceTree = "<group>";
		};
		E5743F0123ECFCB400D8AAB6 /* View */ = {
			isa = PBXGroup;
			children = (
				E5743F0223ECFCCF00D8AAB6 /* MainTableViewCell.swift */,
			);
			path = View;
			sourceTree = "<group>";
		};
		E574F02823EA7D8E00DE3414 /* Scene */ = {
			isa = PBXGroup;
			children = (
				E574F02623EA5FA700DE3414 /* BaseVC.swift */,
				E574F03423EAA07F00DE3414 /* Main */,
				E574F02923EA7D9300DE3414 /* Login */,
			);
			path = Scene;
			sourceTree = "<group>";
		};
		E574F02923EA7D9300DE3414 /* Login */ = {
			isa = PBXGroup;
			children = (
				E574F02D23EA868400DE3414 /* Model */,
				E57A855023E94B9B007A4599 /* LoginViewController.swift */,
				E57A856223E94DF0007A4599 /* LoginViewModel.swift */,
				E57A855223E94B9B007A4599 /* Login.storyboard */,
			);
			path = Login;
			sourceTree = "<group>";
		};
		E574F02A23EA85F500DE3414 /* BaseModel */ = {
			isa = PBXGroup;
			children = (
				E574F02B23EA860500DE3414 /* ValidationModel.swift */,
			);
			path = BaseModel;
			sourceTree = "<group>";
		};
		E574F02D23EA868400DE3414 /* Model */ = {
			isa = PBXGroup;
			children = (
				E574F02E23EA86A600DE3414 /* EmailViewModel.swift */,
				E574F03023EA8A2300DE3414 /* PasswordViewModel.swift */,
			);
			path = Model;
			sourceTree = "<group>";
		};
		E574F03423EAA07F00DE3414 /* Main */ = {
			isa = PBXGroup;
			children = (
				E5743F0123ECFCB400D8AAB6 /* View */,
				E574F03523EAA09600DE3414 /* MainViewController.swift */,
				E574F03723EAA0B100DE3414 /* MainViewModel.swift */,
				E574F03923EAA0DC00DE3414 /* Main.storyboard */,
			);
			path = Main;
			sourceTree = "<group>";
		};
		E57A854023E94B9B007A4599 = {
			isa = PBXGroup;
			children = (
				E5E513AC23EB9FEC00F0E1E1 /* Utils */,
				E57A854B23E94B9B007A4599 /* Architecture_MVVM */,
				E57A854A23E94B9B007A4599 /* Products */,
				F89AFA710FA95A4CB519928C /* Pods */,
				01C2A9E1586FEAC3FFA56069 /* Frameworks */,
			);
			sourceTree = "<group>";
		};
		E57A854A23E94B9B007A4599 /* Products */ = {
			isa = PBXGroup;
			children = (
				E57A854923E94B9B007A4599 /* Architecture_MVVM.app */,
			);
			name = Products;
			sourceTree = "<group>";
		};
		E57A854B23E94B9B007A4599 /* Architecture_MVVM */ = {
			isa = PBXGroup;
			children = (
				E5E513AF23EBA0BC00F0E1E1 /* Model */,
				E574F02823EA7D8E00DE3414 /* Scene */,
				E57A856C23E95D76007A4599 /* Service */,
				E57A856423E95212007A4599 /* Cordinator */,
				E57A854C23E94B9B007A4599 /* AppDelegate.swift */,
				E57A855523E94BA0007A4599 /* Assets.xcassets */,
				E57A855723E94BA0007A4599 /* LaunchScreen.storyboard */,
				E57A855A23E94BA0007A4599 /* Info.plist */,
			);
			path = Architecture_MVVM;
			sourceTree = "<group>";
		};
		E57A856423E95212007A4599 /* Cordinator */ = {
			isa = PBXGroup;
			children = (
				E57A856523E95222007A4599 /* AppStep.swift */,
				E57A856823E95232007A4599 /* AppFlow.swift */,
			);
			path = Cordinator;
			sourceTree = "<group>";
		};
		E57A856C23E95D76007A4599 /* Service */ = {
			isa = PBXGroup;
			children = (
				E57A856D23E9630C007A4599 /* AppService.swift */,
				E5E513B623EBCB0A00F0E1E1 /* MainService.swift */,
			);
			path = Service;
			sourceTree = "<group>";
		};
		E5E513AC23EB9FEC00F0E1E1 /* Utils */ = {
			isa = PBXGroup;
			children = (
				E5E513BC23EBE42100F0E1E1 /* Moya */,
				E5743F0C23ED447700D8AAB6 /* Utility.swift */,
			);
			path = Utils;
			sourceTree = "<group>";
		};
		E5E513AF23EBA0BC00F0E1E1 /* Model */ = {
			isa = PBXGroup;
			children = (
				E574F02A23EA85F500DE3414 /* BaseModel */,
				E5E513B023EBA0DC00F0E1E1 /* MarvelModel.swift */,
				E5E513B423EBADFA00F0E1E1 /* ComicsModel.swift */,
			);
			path = Model;
			sourceTree = "<group>";
		};
		E5E513BC23EBE42100F0E1E1 /* Moya */ = {
			isa = PBXGroup;
			children = (
				E5732D9823F13B9F000C66E8 /* APILoggingPlugin.swift */,
				E5E513BD23EBE42100F0E1E1 /* Observable+Response.swift */,
				E5E513BE23EBE42100F0E1E1 /* MoyaProvider+Rx.swift */,
				E5E513BF23EBE42100F0E1E1 /* ALSwiftyJSONAble.swift */,
				E5E513C023EBE42100F0E1E1 /* Response+SwiftyJSONMapper.swift */,
				E5E513C123EBE42100F0E1E1 /* Single+Response.swift */,
				E5E513C223EBE42100F0E1E1 /* PrimitiveSequence+SwiftyJSONMapper.swift */,
			);
			path = Moya;
			sourceTree = "<group>";
		};
		F89AFA710FA95A4CB519928C /* Pods */ = {
			isa = PBXGroup;
			children = (
				CC476773B892AC2ABAF9D735 /* Pods-Architecture_MVVM.debug.xcconfig */,
				8312044D3D47DF658F3332AD /* Pods-Architecture_MVVM.release.xcconfig */,
			);
			path = Pods;
			sourceTree = "<group>";
		};
/* End PBXGroup section */

/* Begin PBXNativeTarget section */
		E57A854823E94B9B007A4599 /* Architecture_MVVM */ = {
			isa = PBXNativeTarget;
			buildConfigurationList = E57A855D23E94BA0007A4599 /* Build configuration list for PBXNativeTarget "Architecture_MVVM" */;
			buildPhases = (
				3EE1F9EAB9DFFFDF87074BA8 /* [CP] Check Pods Manifest.lock */,
				E57A854523E94B9B007A4599 /* Sources */,
				E57A854623E94B9B007A4599 /* Frameworks */,
				E57A854723E94B9B007A4599 /* Resources */,
				A30B6FB8BB94EBE57160F894 /* [CP] Embed Pods Frameworks */,
			);
			buildRules = (
			);
			dependencies = (
			);
			name = Architecture_MVVM;
			productName = Architecture_MVVM;
			productReference = E57A854923E94B9B007A4599 /* Architecture_MVVM.app */;
			productType = "com.apple.product-type.application";
		};
/* End PBXNativeTarget section */

/* Begin PBXProject section */
		E57A854123E94B9B007A4599 /* Project object */ = {
			isa = PBXProject;
			attributes = {
				LastSwiftUpdateCheck = 1130;
				LastUpgradeCheck = 1130;
				ORGANIZATIONNAME = shAhn;
				TargetAttributes = {
					E57A854823E94B9B007A4599 = {
						CreatedOnToolsVersion = 11.3.1;
					};
				};
			};
			buildConfigurationList = E57A854423E94B9B007A4599 /* Build configuration list for PBXProject "Architecture_MVVM" */;
			compatibilityVersion = "Xcode 9.3";
			developmentRegion = en;
			hasScannedForEncodings = 0;
			knownRegions = (
				en,
				Base,
			);
			mainGroup = E57A854023E94B9B007A4599;
			productRefGroup = E57A854A23E94B9B007A4599 /* Products */;
			projectDirPath = "";
			projectRoot = "";
			targets = (
				E57A854823E94B9B007A4599 /* Architecture_MVVM */,
			);
		};
/* End PBXProject section */

/* Begin PBXResourcesBuildPhase section */
		E57A854723E94B9B007A4599 /* Resources */ = {
			isa = PBXResourcesBuildPhase;
			buildActionMask = 2147483647;
			files = (
				E57A855923E94BA0007A4599 /* LaunchScreen.storyboard in Resources */,
				E57A855623E94BA0007A4599 /* Assets.xcassets in Resources */,
				E57A855423E94B9B007A4599 /* Login.storyboard in Resources */,
				E574F03A23EAA0DC00DE3414 /* Main.storyboard in Resources */,
			);
			runOnlyForDeploymentPostprocessing = 0;
		};
/* End PBXResourcesBuildPhase section */

/* Begin PBXShellScriptBuildPhase section */
		3EE1F9EAB9DFFFDF87074BA8 /* [CP] Check Pods Manifest.lock */ = {
			isa = PBXShellScriptBuildPhase;
			buildActionMask = 2147483647;
			files = (
			);
			inputFileListPaths = (
			);
			inputPaths = (
				"${PODS_PODFILE_DIR_PATH}/Podfile.lock",
				"${PODS_ROOT}/Manifest.lock",
			);
			name = "[CP] Check Pods Manifest.lock";
			outputFileListPaths = (
			);
			outputPaths = (
				"$(DERIVED_FILE_DIR)/Pods-Architecture_MVVM-checkManifestLockResult.txt",
			);
			runOnlyForDeploymentPostprocessing = 0;
			shellPath = /bin/sh;
			shellScript = "diff \"${PODS_PODFILE_DIR_PATH}/Podfile.lock\" \"${PODS_ROOT}/Manifest.lock\" > /dev/null\nif [ $? != 0 ] ; then\n    # print error to STDERR\n    echo \"error: The sandbox is not in sync with the Podfile.lock. Run 'pod install' or update your CocoaPods installation.\" >&2\n    exit 1\nfi\n# This output is used by Xcode 'outputs' to avoid re-running this script phase.\necho \"SUCCESS\" > \"${SCRIPT_OUTPUT_FILE_0}\"\n";
			showEnvVarsInLog = 0;
		};
		A30B6FB8BB94EBE57160F894 /* [CP] Embed Pods Frameworks */ = {
			isa = PBXShellScriptBuildPhase;
			buildActionMask = 2147483647;
			files = (
			);
			inputFileListPaths = (
				"${PODS_ROOT}/Target Support Files/Pods-Architecture_MVVM/Pods-Architecture_MVVM-frameworks-${CONFIGURATION}-input-files.xcfilelist",
			);
			name = "[CP] Embed Pods Frameworks";
			outputFileListPaths = (
				"${PODS_ROOT}/Target Support Files/Pods-Architecture_MVVM/Pods-Architecture_MVVM-frameworks-${CONFIGURATION}-output-files.xcfilelist",
			);
			runOnlyForDeploymentPostprocessing = 0;
			shellPath = /bin/sh;
			shellScript = "\"${PODS_ROOT}/Target Support Files/Pods-Architecture_MVVM/Pods-Architecture_MVVM-frameworks.sh\"\n";
			showEnvVarsInLog = 0;
		};
/* End PBXShellScriptBuildPhase section */

/* Begin PBXSourcesBuildPhase section */
		E57A854523E94B9B007A4599 /* Sources */ = {
			isa = PBXSourcesBuildPhase;
			buildActionMask = 2147483647;
			files = (
				E5743F0323ECFCCF00D8AAB6 /* MainTableViewCell.swift in Sources */,
				E5732D9923F13B9F000C66E8 /* APILoggingPlugin.swift in Sources */,
				E57A855123E94B9B007A4599 /* LoginViewController.swift in Sources */,
				E5E513C623EBE42100F0E1E1 /* Response+SwiftyJSONMapper.swift in Sources */,
				E57A856E23E9630C007A4599 /* AppService.swift in Sources */,
				E57A856623E95222007A4599 /* AppStep.swift in Sources */,
				E574F03623EAA09600DE3414 /* MainViewController.swift in Sources */,
				E574F03823EAA0B100DE3414 /* MainViewModel.swift in Sources */,
				E57A856323E94DF0007A4599 /* LoginViewModel.swift in Sources */,
				E5E513B523EBADFA00F0E1E1 /* ComicsModel.swift in Sources */,
				E574F02F23EA86A600DE3414 /* EmailViewModel.swift in Sources */,
				E574F02C23EA860500DE3414 /* ValidationModel.swift in Sources */,
				E5E513C723EBE42100F0E1E1 /* Single+Response.swift in Sources */,
				E5E513B123EBA0DC00F0E1E1 /* MarvelModel.swift in Sources */,
				E5E513C823EBE42100F0E1E1 /* PrimitiveSequence+SwiftyJSONMapper.swift in Sources */,
				E57A856923E95232007A4599 /* AppFlow.swift in Sources */,
				E5E513C323EBE42100F0E1E1 /* Observable+Response.swift in Sources */,
				E5E513B723EBCB0A00F0E1E1 /* MainService.swift in Sources */,
				E5743F0D23ED447800D8AAB6 /* Utility.swift in Sources */,
				E574F02723EA5FA700DE3414 /* BaseVC.swift in Sources */,
				E57A854D23E94B9B007A4599 /* AppDelegate.swift in Sources */,
				E5E513C423EBE42100F0E1E1 /* MoyaProvider+Rx.swift in Sources */,
				E5E513C523EBE42100F0E1E1 /* ALSwiftyJSONAble.swift in Sources */,
				E574F03123EA8A2300DE3414 /* PasswordViewModel.swift in Sources */,
			);
			runOnlyForDeploymentPostprocessing = 0;
		};
/* End PBXSourcesBuildPhase section */

/* Begin PBXVariantGroup section */
		E57A855223E94B9B007A4599 /* Login.storyboard */ = {
			isa = PBXVariantGroup;
			children = (
				E57A855323E94B9B007A4599 /* Base */,
			);
			name = Login.storyboard;
			sourceTree = "<group>";
		};
		E57A855723E94BA0007A4599 /* LaunchScreen.storyboard */ = {
			isa = PBXVariantGroup;
			children = (
				E57A855823E94BA0007A4599 /* Base */,
			);
			name = LaunchScreen.storyboard;
			sourceTree = "<group>";
		};
/* End PBXVariantGroup section */

/* Begin XCBuildConfiguration section */
		E57A855B23E94BA0007A4599 /* Debug */ = {
			isa = XCBuildConfiguration;
			buildSettings = {
				ALWAYS_SEARCH_USER_PATHS = NO;
				CLANG_ANALYZER_NONNULL = YES;
				CLANG_ANALYZER_NUMBER_OBJECT_CONVERSION = YES_AGGRESSIVE;
				CLANG_CXX_LANGUAGE_STANDARD = "gnu++14";
				CLANG_CXX_LIBRARY = "libc++";
				CLANG_ENABLE_MODULES = YES;
				CLANG_ENABLE_OBJC_ARC = YES;
				CLANG_ENABLE_OBJC_WEAK = YES;
				CLANG_WARN_BLOCK_CAPTURE_AUTORELEASING = YES;
				CLANG_WARN_BOOL_CONVERSION = YES;
				CLANG_WARN_COMMA = YES;
				CLANG_WARN_CONSTANT_CONVERSION = YES;
				CLANG_WARN_DEPRECATED_OBJC_IMPLEMENTATIONS = YES;
				CLANG_WARN_DIRECT_OBJC_ISA_USAGE = YES_ERROR;
				CLANG_WARN_DOCUMENTATION_COMMENTS = YES;
				CLANG_WARN_EMPTY_BODY = YES;
				CLANG_WARN_ENUM_CONVERSION = YES;
				CLANG_WARN_INFINITE_RECURSION = YES;
				CLANG_WARN_INT_CONVERSION = YES;
				CLANG_WARN_NON_LITERAL_NULL_CONVERSION = YES;
				CLANG_WARN_OBJC_IMPLICIT_RETAIN_SELF = YES;
				CLANG_WARN_OBJC_LITERAL_CONVERSION = YES;
				CLANG_WARN_OBJC_ROOT_CLASS = YES_ERROR;
				CLANG_WARN_RANGE_LOOP_ANALYSIS = YES;
				CLANG_WARN_STRICT_PROTOTYPES = YES;
				CLANG_WARN_SUSPICIOUS_MOVE = YES;
				CLANG_WARN_UNGUARDED_AVAILABILITY = YES_AGGRESSIVE;
				CLANG_WARN_UNREACHABLE_CODE = YES;
				CLANG_WARN__DUPLICATE_METHOD_MATCH = YES;
				COPY_PHASE_STRIP = NO;
				DEBUG_INFORMATION_FORMAT = dwarf;
				ENABLE_STRICT_OBJC_MSGSEND = YES;
				ENABLE_TESTABILITY = YES;
				GCC_C_LANGUAGE_STANDARD = gnu11;
				GCC_DYNAMIC_NO_PIC = NO;
				GCC_NO_COMMON_BLOCKS = YES;
				GCC_OPTIMIZATION_LEVEL = 0;
				GCC_PREPROCESSOR_DEFINITIONS = (
					"DEBUG=1",
					"$(inherited)",
				);
				GCC_WARN_64_TO_32_BIT_CONVERSION = YES;
				GCC_WARN_ABOUT_RETURN_TYPE = YES_ERROR;
				GCC_WARN_UNDECLARED_SELECTOR = YES;
				GCC_WARN_UNINITIALIZED_AUTOS = YES_AGGRESSIVE;
				GCC_WARN_UNUSED_FUNCTION = YES;
				GCC_WARN_UNUSED_VARIABLE = YES;
				IPHONEOS_DEPLOYMENT_TARGET = 13.0;
				MTL_ENABLE_DEBUG_INFO = INCLUDE_SOURCE;
				MTL_FAST_MATH = YES;
				ONLY_ACTIVE_ARCH = YES;
				SDKROOT = iphoneos;
				SWIFT_ACTIVE_COMPILATION_CONDITIONS = DEBUG;
				SWIFT_OPTIMIZATION_LEVEL = "-Onone";
			};
			name = Debug;
		};
		E57A855C23E94BA0007A4599 /* Release */ = {
			isa = XCBuildConfiguration;
			buildSettings = {
				ALWAYS_SEARCH_USER_PATHS = NO;
				CLANG_ANALYZER_NONNULL = YES;
				CLANG_ANALYZER_NUMBER_OBJECT_CONVERSION = YES_AGGRESSIVE;
				CLANG_CXX_LANGUAGE_STANDARD = "gnu++14";
				CLANG_CXX_LIBRARY = "libc++";
				CLANG_ENABLE_MODULES = YES;
				CLANG_ENABLE_OBJC_ARC = YES;
				CLANG_ENABLE_OBJC_WEAK = YES;
				CLANG_WARN_BLOCK_CAPTURE_AUTORELEASING = YES;
				CLANG_WARN_BOOL_CONVERSION = YES;
				CLANG_WARN_COMMA = YES;
				CLANG_WARN_CONSTANT_CONVERSION = YES;
				CLANG_WARN_DEPRECATED_OBJC_IMPLEMENTATIONS = YES;
				CLANG_WARN_DIRECT_OBJC_ISA_USAGE = YES_ERROR;
				CLANG_WARN_DOCUMENTATION_COMMENTS = YES;
				CLANG_WARN_EMPTY_BODY = YES;
				CLANG_WARN_ENUM_CONVERSION = YES;
				CLANG_WARN_INFINITE_RECURSION = YES;
				CLANG_WARN_INT_CONVERSION = YES;
				CLANG_WARN_NON_LITERAL_NULL_CONVERSION = YES;
				CLANG_WARN_OBJC_IMPLICIT_RETAIN_SELF = YES;
				CLANG_WARN_OBJC_LITERAL_CONVERSION = YES;
				CLANG_WARN_OBJC_ROOT_CLASS = YES_ERROR;
				CLANG_WARN_RANGE_LOOP_ANALYSIS = YES;
				CLANG_WARN_STRICT_PROTOTYPES = YES;
				CLANG_WARN_SUSPICIOUS_MOVE = YES;
				CLANG_WARN_UNGUARDED_AVAILABILITY = YES_AGGRESSIVE;
				CLANG_WARN_UNREACHABLE_CODE = YES;
				CLANG_WARN__DUPLICATE_METHOD_MATCH = YES;
				COPY_PHASE_STRIP = NO;
				DEBUG_INFORMATION_FORMAT = "dwarf-with-dsym";
				ENABLE_NS_ASSERTIONS = NO;
				ENABLE_STRICT_OBJC_MSGSEND = YES;
				GCC_C_LANGUAGE_STANDARD = gnu11;
				GCC_NO_COMMON_BLOCKS = YES;
				GCC_WARN_64_TO_32_BIT_CONVERSION = YES;
				GCC_WARN_ABOUT_RETURN_TYPE = YES_ERROR;
				GCC_WARN_UNDECLARED_SELECTOR = YES;
				GCC_WARN_UNINITIALIZED_AUTOS = YES_AGGRESSIVE;
				GCC_WARN_UNUSED_FUNCTION = YES;
				GCC_WARN_UNUSED_VARIABLE = YES;
				IPHONEOS_DEPLOYMENT_TARGET = 13.0;
				MTL_ENABLE_DEBUG_INFO = NO;
				MTL_FAST_MATH = YES;
				SDKROOT = iphoneos;
				SWIFT_COMPILATION_MODE = wholemodule;
				SWIFT_OPTIMIZATION_LEVEL = "-O";
				VALIDATE_PRODUCT = YES;
			};
			name = Release;
		};
		E57A855E23E94BA0007A4599 /* Debug */ = {
			isa = XCBuildConfiguration;
			baseConfigurationReference = CC476773B892AC2ABAF9D735 /* Pods-Architecture_MVVM.debug.xcconfig */;
			buildSettings = {
				ASSETCATALOG_COMPILER_APPICON_NAME = AppIcon;
				CODE_SIGN_STYLE = Automatic;
				DEVELOPMENT_TEAM = 8WGBZHP3L6;
				INFOPLIST_FILE = Architecture_MVVM/Info.plist;
				IPHONEOS_DEPLOYMENT_TARGET = 11.0;
				LD_RUNPATH_SEARCH_PATHS = (
					"$(inherited)",
					"@executable_path/Frameworks",
				);
				PRODUCT_BUNDLE_IDENTIFIER = "com.shTest.Architecture-MVVM";
				PRODUCT_NAME = "$(TARGET_NAME)";
				SWIFT_VERSION = 4.2;
				TARGETED_DEVICE_FAMILY = "1,2";
			};
			name = Debug;
		};
		E57A855F23E94BA0007A4599 /* Release */ = {
			isa = XCBuildConfiguration;
			baseConfigurationReference = 8312044D3D47DF658F3332AD /* Pods-Architecture_MVVM.release.xcconfig */;
			buildSettings = {
				ASSETCATALOG_COMPILER_APPICON_NAME = AppIcon;
				CODE_SIGN_STYLE = Automatic;
				DEVELOPMENT_TEAM = 8WGBZHP3L6;
				INFOPLIST_FILE = Architecture_MVVM/Info.plist;
				IPHONEOS_DEPLOYMENT_TARGET = 11.0;
				LD_RUNPATH_SEARCH_PATHS = (
					"$(inherited)",
					"@executable_path/Frameworks",
				);
				PRODUCT_BUNDLE_IDENTIFIER = "com.shTest.Architecture-MVVM";
				PRODUCT_NAME = "$(TARGET_NAME)";
				SWIFT_VERSION = 4.2;
				TARGETED_DEVICE_FAMILY = "1,2";
			};
			name = Release;
		};
/* End XCBuildConfiguration section */

/* Begin XCConfigurationList section */
		E57A854423E94B9B007A4599 /* Build configuration list for PBXProject "Architecture_MVVM" */ = {
			isa = XCConfigurationList;
			buildConfigurations = (
				E57A855B23E94BA0007A4599 /* Debug */,
				E57A855C23E94BA0007A4599 /* Release */,
			);
			defaultConfigurationIsVisible = 0;
			defaultConfigurationName = Release;
		};
		E57A855D23E94BA0007A4599 /* Build configuration list for PBXNativeTarget "Architecture_MVVM" */ = {
			isa = XCConfigurationList;
			buildConfigurations = (
				E57A855E23E94BA0007A4599 /* Debug */,
				E57A855F23E94BA0007A4599 /* Release */,
			);
			defaultConfigurationIsVisible = 0;
			defaultConfigurationName = Release;
		};
/* End XCConfigurationList section */
	};
	rootObject = E57A854123E94B9B007A4599 /* Project object */;
}
